
Microsoft Visual Studio Solution File, Format Version 12.00
# Visual Studio Version 17
VisualStudioVersion = 17.7.34202.233
MinimumVisualStudioVersion = 10.0.40219.1
Project("{8BC9CEB8-8B4A-11D0-8D11-00A0C91BC942}") = "Tut3", "Tut3.vcxproj", "{E7EB6A57-33CA-4D63-8B9C-E58433FAE556}"
EndProject
Global
	GlobalSection(SolutionConfigurationPlatforms) = preSolution
		Debug|x64 = Debug|x64
		Debug|x86 = Debug|x86
		Release|x64 = Release|x64
		Release|x86 = Release|x86
	EndGlobalSection
	GlobalSection(ProjectConfigurationPlatforms) = postSolution
		{E7EB6A57-33CA-4D63-8B9C-E58433FAE556}.Debug|x64.ActiveCfg = Debug|x64
		{E7EB6A57-33CA-4D63-8B9C-E58433FAE556}.Debug|x64.Build.0 = Debug|x64
		{E7EB6A57-33CA-4D63-8B9C-E58433FAE556}.Debug|x86.ActiveCfg = Debug|Win32
		{E7EB6A57-33CA-4D63-8B9C-E58433FAE556}.Debug|x86.Build.0 = Debug|Win32
		{E7EB6A57-33CA-4D63-8B9C-E58433FAE556}.Release|x64.ActiveCfg = Release|x64
		{E7EB6A57-33CA-4D63-8B9C-E58433FAE556}.Release|x64.Build.0 = Release|x64
		{E7EB6A57-33CA-4D63-8B9C-E58433FAE556}.Release|x86.ActiveCfg = Release|Win32
		{E7EB6A57-33CA-4D63-8B9C-E58433FAE556}.Release|x86.Build.0 = Release|Win32
	EndGlobalSection
	GlobalSection(SolutionProperties) = preSolution
		HideSolutionNode = FALSE
	EndGlobalSection
	GlobalSection(ExtensibilityGlobals) = postSolution
		SolutionGuid = {3A0C6DB7-0E85-4BB8-A2B9-0FB13AD23EB6}
	EndGlobalSection
EndGlobal
